Microsoft Visual Studio Solution File, Format Version 12.00
# Visual Studio Version 17
VisualStudioVersion = 17.5.2.0
MinimumVisualStudioVersion = 10.0.40219.1
Project("{FAE04EC0-301F-11D3-BF4B-00C04F79EFBC}") = "DishService", "DishService.csproj", "{C96A11B9-CCE9-C5C4-80F3-C06B9EE1AEEA}"
EndProject
Global
	GlobalSection(SolutionConfigurationPlatforms) = preSolution
		Debug|Any CPU = Debug|Any CPU
		Release|Any CPU = Release|Any CPU
	EndGlobalSection
	GlobalSection(ProjectConfigurationPlatforms) = postSolution
		{C96A11B9-CCE9-C5C4-80F3-C06B9EE1AEEA}.Debug|Any CPU.ActiveCfg = Debug|Any CPU
		{C96A11B9-CCE9-C5C4-80F3-C06B9EE1AEEA}.Debug|Any CPU.Build.0 = Debug|Any CPU
		{C96A11B9-CCE9-C5C4-80F3-C06B9EE1AEEA}.Release|Any CPU.ActiveCfg = Release|Any CPU
		{C96A11B9-CCE9-C5C4-80F3-C06B9EE1AEEA}.Release|Any CPU.Build.0 = Release|Any CPU
	EndGlobalSection
	GlobalSection(SolutionProperties) = preSolution
		HideSolutionNode = FALSE
	EndGlobalSection
	GlobalSection(ExtensibilityGlobals) = postSolution
		SolutionGuid = {5CC53F79-95BF-4358-BAB3-0DB574397F71}
	EndGlobalSection
EndGlobal
